Microsoft Visual Studio Solution File, Format Version 12.00
# Visual Studio Version 17
VisualStudioVersion = 17.5.2.0
MinimumVisualStudioVersion = 10.0.40219.1
Project("{FAE04EC0-301F-11D3-BF4B-00C04F79EFBC}") = "GesN.Web", "GesN.Web.csproj", "{24654A85-50D4-0B24-E9AC-E25FA7F81791}"
EndProject
Global
	GlobalSection(SolutionConfigurationPlatforms) = preSolution
		Debug|Any CPU = Debug|Any CPU
		Release|Any CPU = Release|Any CPU
	EndGlobalSection
	GlobalSection(ProjectConfigurationPlatforms) = postSolution
		{24654A85-50D4-0B24-E9AC-E25FA7F81791}.Debug|Any CPU.ActiveCfg = Debug|Any CPU
		{24654A85-50D4-0B24-E9AC-E25FA7F81791}.Debug|Any CPU.Build.0 = Debug|Any CPU
		{24654A85-50D4-0B24-E9AC-E25FA7F81791}.Release|Any CPU.ActiveCfg = Release|Any CPU
		{24654A85-50D4-0B24-E9AC-E25FA7F81791}.Release|Any CPU.Build.0 = Release|Any CPU
	EndGlobalSection
	GlobalSection(SolutionProperties) = preSolution
		HideSolutionNode = FALSE
	EndGlobalSection
	GlobalSection(ExtensibilityGlobals) = postSolution
		SolutionGuid = {2498A9F8-71BC-455D-B5CC-708C9F7550D9}
	EndGlobalSection
EndGlobal
